
Microsoft Visual Studio Solution File, Format Version 12.00
# Visual Studio Version 17
VisualStudioVersion = 17.5.33530.505
MinimumVisualStudioVersion = 10.0.40219.1
Project("{FAE04EC0-301F-11D3-BF4B-00C04F79EFBC}") = "TorrentToPlexService", "TorrentToPlexService.csproj", "{C2906B23-8ED1-4371-9A38-768B14B81467}"
EndProject
Global
	GlobalSection(SolutionConfigurationPlatforms) = preSolution
		Debug|Any CPU = Debug|Any CPU
		Debug|x64 = Debug|x64
		Release|Any CPU = Release|Any CPU
		Release|x64 = Release|x64
	EndGlobalSection
	GlobalSection(ProjectConfigurationPlatforms) = postSolution
		{C2906B23-8ED1-4371-9A38-768B14B81467}.Debug|Any CPU.ActiveCfg = Debug|x64
		{C2906B23-8ED1-4371-9A38-768B14B81467}.Debug|x64.ActiveCfg = Debug|x64
		{C2906B23-8ED1-4371-9A38-768B14B81467}.Debug|x64.Build.0 = Debug|x64
		{C2906B23-8ED1-4371-9A38-768B14B81467}.Release|Any CPU.ActiveCfg = Release|x64
		{C2906B23-8ED1-4371-9A38-768B14B81467}.Release|x64.ActiveCfg = Release|x64
		{C2906B23-8ED1-4371-9A38-768B14B81467}.Release|x64.Build.0 = Release|x64
	EndGlobalSection
	GlobalSection(SolutionProperties) = preSolution
		HideSolutionNode = FALSE
	EndGlobalSection
	GlobalSection(ExtensibilityGlobals) = postSolution
		SolutionGuid = {45AA52FB-7740-4205-AEAD-B437D07C9136}
	EndGlobalSection
EndGlobal
